<?xml version="1.0" encoding="utf-8"?>
<Project ToolsVersion="4.0" xmlns="http://schemas.microsoft.com/developer/msbuild/2003">
  <ItemGroup>
    <Filter Include="Fichiers sources">
      <UniqueIdentifier>{4FC737F1-C7A5-4376-A066-2A32D752A2FF}</UniqueIdentifier>
      <Extensions>cpp;c;cc;cxx;c++;cppm;ixx;def;odl;idl;hpj;bat;asm;asmx</Extensions>
    </Filter>
    <Filter Include="Fichiers d%27en-tête">
      <UniqueIdentifier>{93995380-89BD-4b04-88EB-625FBE52EBFB}</UniqueIdentifier>
      <Extensions>h;hh;hpp;hxx;h++;hm;inl;inc;ipp;xsd</Extensions>
    </Filter>
    <Filter Include="Fichiers de ressources">
      <UniqueIdentifier>{67DA6AB6-F800-4c08-8B7A-83BB121AAD01}</UniqueIdentifier>
      <Extensions>rc;ico;cur;bmp;dlg;rc2;rct;bin;rgs;gif;jpg;jpeg;jpe;resx;tiff;tif;png;wav;mfcribbon-ms</Extensions>
    </Filter>
  </ItemGroup>
  <ItemGroup>
    <ClCompile Include="main.c">
      <Filter>Fichiers sources</Filter>
    </ClCompile>
    <ClCompile Include="fenetre.c">
      <Filter>Fichiers sources</Filter>
    </ClCompile>
    <ClCompile Include="vaisseau.c">
      <Filter>Fichiers sources</Filter>
    </ClCompile>
    <ClCompile Include="controle.c">
      <Filter>Fichiers sources</Filter>
    </ClCompile>
    <ClCompile Include="collision.c">
      <Filter>Fichiers sources</Filter>
    </ClCompile>
    <ClCompile Include="ennemi1.c">
      <Filter>Fichiers sources</Filter>
    </ClCompile>
    <ClCompile Include="projectile.c">
      <Filter>Fichiers sources</Filter>
    </ClCompile>
    <ClCompile Include="Init.c">
      <Filter>Fichiers sources</Filter>
    </ClCompile>
    <ClCompile Include="score.c">
      <Filter>Fichiers sources</Filter>
    </ClCompile>
    <ClCompile Include="son.c">
      <Filter>Fichiers sources</Filter>
    </ClCompile>
  </ItemGroup>
  <ItemGroup>
    <ClInclude Include="main.h">
      <Filter>Fichiers d%27en-tête</Filter>
    </ClInclude>
    <ClInclude Include="fenetre.h">
      <Filter>Fichiers d%27en-tête</Filter>
    </ClInclude>
    <ClInclude Include="vaisseau.h">
      <Filter>Fichiers d%27en-tête</Filter>
    </ClInclude>
    <ClInclude Include="controle.h">
      <Filter>Fichiers d%27en-tête</Filter>
    </ClInclude>
    <ClInclude Include="collision.h">
      <Filter>Fichiers d%27en-tête</Filter>
    </ClInclude>
    <ClInclude Include="ennemi.h">
      <Filter>Fichiers d%27en-tête</Filter>
    </ClInclude>
    <ClInclude Include="projectile.h">
      <Filter>Fichiers d%27en-tête</Filter>
    </ClInclude>
    <ClInclude Include="Init.h">
      <Filter>Fichiers d%27en-tête</Filter>
    </ClInclude>
    <ClInclude Include="score.h">
      <Filter>Fichiers d%27en-tête</Filter>
    </ClInclude>
    <ClInclude Include="son.h">
      <Filter>Fichiers d%27en-tête</Filter>
    </ClInclude>
  </ItemGroup>
  <ItemGroup>
    <Image Include="1.png">
      <Filter>Fichiers de ressources</Filter>
    </Image>
    <Image Include="2.gif">
      <Filter>Fichiers de ressources</Filter>
    </Image>
    <Image Include="3.jpeg">
      <Filter>Fichiers de ressources</Filter>
    </Image>
    <Image Include="A.png">
      <Filter>Fichiers de ressources</Filter>
    </Image>
    <Image Include="B.png">
      <Filter>Fichiers de ressources</Filter>
    </Image>
    <Image Include="C.png">
      <Filter>Fichiers de ressources</Filter>
    </Image>
    <Image Include="D.png">
      <Filter>Fichiers de ressources</Filter>
    </Image>
    <Image Include="E.png">
      <Filter>Fichiers de ressources</Filter>
    </Image>
    <Image Include="F.png">
      <Filter>Fichiers de ressources</Filter>
    </Image>
    <Image Include="S.png">
      <Filter>Fichiers de ressources</Filter>
    </Image>
    <Image Include="3.gif">
      <Filter>Fichiers de ressources</Filter>
    </Image>
    <Image Include="boss.gif">
      <Filter>Fichiers de ressources</Filter>
    </Image>
  </ItemGroup>
  <ItemGroup>
    <Font Include="Minecraft.ttf">
      <Filter>Fichiers de ressources</Filter>
    </Font>
  </ItemGroup>
  <ItemGroup>
    <Media Include="Pew.wav">
      <Filter>Fichiers de ressources</Filter>
    </Media>
    <Media Include="happy.wav">
      <Filter>Fichiers de ressources</Filter>
    </Media>
    <Media Include="Explosion.wav">
      <Filter>Fichiers de ressources</Filter>
    </Media>
    <Media Include="dav.wav">
      <Filter>Fichiers de ressources</Filter>
    </Media>
  </ItemGroup>
</Project>